// !$*UTF8*$!
{
	archiveVersion = 1;
	classes = {
	};
	objectVersion = 56;
	objects = {

/* Begin PBXBuildFile section */
		03CEED81298F9EFE006CBE3A /* AppDelegate.swift in Sources */ = {isa = PBXBuildFile; fileRef = 03CEED80298F9EFE006CBE3A /* AppDelegate.swift */; };
		03CEED83298F9EFE006CBE3A /* SceneDelegate.swift in Sources */ = {isa = PBXBuildFile; fileRef = 03CEED82298F9EFE006CBE3A /* SceneDelegate.swift */; };
		03CEED85298F9EFE006CBE3A /* MyViewController.swift in Sources */ = {isa = PBXBuildFile; fileRef = 03CEED84298F9EFE006CBE3A /* MyViewController.swift */; };
		03CEED88298F9EFE006CBE3A /* Main.storyboard in Resources */ = {isa = PBXBuildFile; fileRef = 03CEED86298F9EFE006CBE3A /* Main.storyboard */; };
		03CEED8A298F9F00006CBE3A /* Assets.xcassets in Resources */ = {isa = PBXBuildFile; fileRef = 03CEED89298F9F00006CBE3A /* Assets.xcassets */; };
		03CEED8D298F9F00006CBE3A /* LaunchScreen.storyboard in Resources */ = {isa = PBXBuildFile; fileRef = 03CEED8B298F9F00006CBE3A /* LaunchScreen.storyboard */; };
		03CEED98298F9F01006CBE3A /* CounterTests.swift in Sources */ = {isa = PBXBuildFile; fileRef = 03CEED97298F9F01006CBE3A /* CounterTests.swift */; };
		03CEEDA2298F9F01006CBE3A /* CounterUITests.swift in Sources */ = {isa = PBXBuildFile; fileRef = 03CEEDA1298F9F01006CBE3A /* CounterUITests.swift */; };
		03CEEDA4298F9F01006CBE3A /* CounterUITestsLaunchTests.swift in Sources */ = {isa = PBXBuildFile; fileRef = 03CEEDA3298F9F01006CBE3A /* CounterUITestsLaunchTests.swift */; };
		03CEEDB1298FA809006CBE3A /* Counter.swift in Sources */ = {isa = PBXBuildFile; fileRef = 03CEEDB0298FA809006CBE3A /* Counter.swift */; };
/* End PBXBuildFile section */

/* Begin PBXContainerItemProxy section */
		03CEED94298F9F01006CBE3A /* PBXContainerItemProxy */ = {
			isa = PBXContainerItemProxy;
			containerPortal = 03CEED75298F9EFE006CBE3A /* Project object */;
			proxyType = 1;
			remoteGlobalIDString = 03CEED7C298F9EFE006CBE3A;
			remoteInfo = Counter;
		};
		03CEED9E298F9F01006CBE3A /* PBXContainerItemProxy */ = {
			isa = PBXContainerItemProxy;
			containerPortal = 03CEED75298F9EFE006CBE3A /* Project object */;
			proxyType = 1;
			remoteGlobalIDString = 03CEED7C298F9EFE006CBE3A;
			remoteInfo = Counter;
		};
/* End PBXContainerItemProxy section */

/* Begin PBXFileReference section */
		03CEED7D298F9EFE006CBE3A /* Counter.app */ = {isa = PBXFileReference; explicitFileType = wrapper.application; includeInIndex = 0; path = Counter.app; sourceTree = BUILT_PRODUCTS_DIR; };
		03CEED80298F9EFE006CBE3A /* AppDelegate.swift */ = {isa = PBXFileReference; lastKnownFileType = sourcecode.swift; path = AppDelegate.swift; sourceTree = "<group>"; };
		03CEED82298F9EFE006CBE3A /* SceneDelegate.swift */ = {isa = PBXFileReference; lastKnownFileType = sourcecode.swift; path = SceneDelegate.swift; sourceTree = "<group>"; };
		03CEED84298F9EFE006CBE3A /* MyViewController.swift */ = {isa = PBXFileReference; lastKnownFileType = sourcecode.swift; path = MyViewController.swift; sourceTree = "<group>"; };
		03CEED87298F9EFE006CBE3A /* Base */ = {isa = PBXFileReference; lastKnownFileType = file.storyboard; name = Base; path = Base.lproj/Main.storyboard; sourceTree = "<group>"; };
		03CEED89298F9F00006CBE3A /* Assets.xcassets */ = {isa = PBXFileReference; lastKnownFileType = folder.assetcatalog; path = Assets.xcassets; sourceTree = "<group>"; };
		03CEED8C298F9F00006CBE3A /* Base */ = {isa = PBXFileReference; lastKnownFileType = file.storyboard; name = Base; path = Base.lproj/LaunchScreen.storyboard; sourceTree = "<group>"; };
		03CEED8E298F9F00006CBE3A /* Info.plist */ = {isa = PBXFileReference; lastKnownFileType = text.plist.xml; path = Info.plist; sourceTree = "<group>"; };
		03CEED93298F9F01006CBE3A /* CounterTests.xctest */ = {isa = PBXFileReference; explicitFileType = wrapper.cfbundle; includeInIndex = 0; path = CounterTests.xctest; sourceTree = BUILT_PRODUCTS_DIR; };
		03CEED97298F9F01006CBE3A /* CounterTests.swift */ = {isa = PBXFileReference; lastKnownFileType = sourcecode.swift; path = CounterTests.swift; sourceTree = "<group>"; };
		03CEED9D298F9F01006CBE3A /* CounterUITests.xctest */ = {isa = PBXFileReference; explicitFileType = wrapper.cfbundle; includeInIndex = 0; path = CounterUITests.xctest; sourceTree = BUILT_PRODUCTS_DIR; };
		03CEEDA1298F9F01006CBE3A /* CounterUITests.swift */ = {isa = PBXFileReference; lastKnownFileType = sourcecode.swift; path = CounterUITests.swift; sourceTree = "<group>"; };
		03CEEDA3298F9F01006CBE3A /* CounterUITestsLaunchTests.swift */ = {isa = PBXFileReference; lastKnownFileType = sourcecode.swift; path = CounterUITestsLaunchTests.swift; sourceTree = "<group>"; };
		03CEEDB0298FA809006CBE3A /* Counter.swift */ = {isa = PBXFileReference; lastKnownFileType = sourcecode.swift; path = Counter.swift; sourceTree = "<group>"; };
/* End PBXFileReference section */

/* Begin PBXFrameworksBuildPhase section */
		03CEED7A298F9EFE006CBE3A /* Frameworks */ = {
			isa = PBXFrameworksBuildPhase;
			buildActionMask = 2147483647;
			files = (
			);
			runOnlyForDeploymentPostprocessing = 0;
		};
		03CEED90298F9F01006CBE3A /* Frameworks */ = {
			isa = PBXFrameworksBuildPhase;
			buildActionMask = 2147483647;
			files = (
			);
			runOnlyForDeploymentPostprocessing = 0;
		};
		03CEED9A298F9F01006CBE3A /* Frameworks */ = {
			isa = PBXFrameworksBuildPhase;
			buildActionMask = 2147483647;
			files = (
			);
			runOnlyForDeploymentPostprocessing = 0;
		};
/* End PBXFrameworksBuildPhase section */

/* Begin PBXGroup section */
		03CEED74298F9EFE006CBE3A = {
			isa = PBXGroup;
			children = (
				03CEED7F298F9EFE006CBE3A /* Counter */,
				03CEED96298F9F01006CBE3A /* CounterTests */,
				03CEEDA0298F9F01006CBE3A /* CounterUITests */,
				03CEED7E298F9EFE006CBE3A /* Products */,
			);
			sourceTree = "<group>";
		};
		03CEED7E298F9EFE006CBE3A /* Products */ = {
			isa = PBXGroup;
			children = (
				03CEED7D298F9EFE006CBE3A /* Counter.app */,
				03CEED93298F9F01006CBE3A /* CounterTests.xctest */,
				03CEED9D298F9F01006CBE3A /* CounterUITests.xctest */,
			);
			name = Products;
			sourceTree = "<group>";
		};
		03CEED7F298F9EFE006CBE3A /* Counter */ = {
			isa = PBXGroup;
			children = (
				03CEED80298F9EFE006CBE3A /* AppDelegate.swift */,
				03CEED82298F9EFE006CBE3A /* SceneDelegate.swift */,
				03CEED84298F9EFE006CBE3A /* MyViewController.swift */,
				03CEED86298F9EFE006CBE3A /* Main.storyboard */,
				03CEEDB0298FA809006CBE3A /* Counter.swift */,
				03CEED89298F9F00006CBE3A /* Assets.xcassets */,
				03CEED8B298F9F00006CBE3A /* LaunchScreen.storyboard */,
				03CEED8E298F9F00006CBE3A /* Info.plist */,
			);
			path = Counter;
			sourceTree = "<group>";
		};
		03CEED96298F9F01006CBE3A /* CounterTests */ = {
			isa = PBXGroup;
			children = (
				03CEED97298F9F01006CBE3A /* CounterTests.swift */,
			);
			path = CounterTests;
			sourceTree = "<group>";
		};
		03CEEDA0298F9F01006CBE3A /* CounterUITests */ = {
			isa = PBXGroup;
			children = (
				03CEEDA1298F9F01006CBE3A /* CounterUITests.swift */,
				03CEEDA3298F9F01006CBE3A /* CounterUITestsLaunchTests.swift */,
			);
			path = CounterUITests;
			sourceTree = "<group>";
		};
/* End PBXGroup section */

/* Begin PBXNativeTarget section */
		03CEED7C298F9EFE006CBE3A /* Counter */ = {
			isa = PBXNativeTarget;
			buildConfigurationList = 03CEEDA7298F9F01006CBE3A /* Build configuration list for PBXNativeTarget "Counter" */;
			buildPhases = (
				03CEED79298F9EFE006CBE3A /* Sources */,
				03CEED7A298F9EFE006CBE3A /* Frameworks */,
				03CEED7B298F9EFE006CBE3A /* Resources */,
			);
			buildRules = (
			);
			dependencies = (
			);
			name = Counter;
			productName = Counter;
			productReference = 03CEED7D298F9EFE006CBE3A /* Counter.app */;
			productType = "com.apple.product-type.application";
		};
		03CEED92298F9F01006CBE3A /* CounterTests */ = {
			isa = PBXNativeTarget;
			buildConfigurationList = 03CEEDAA298F9F01006CBE3A /* Build configuration list for PBXNativeTarget "CounterTests" */;
			buildPhases = (
				03CEED8F298F9F01006CBE3A /* Sources */,
				03CEED90298F9F01006CBE3A /* Frameworks */,
				03CEED91298F9F01006CBE3A /* Resources */,
			);
			buildRules = (
			);
			dependencies = (
				03CEED95298F9F01006CBE3A /* PBXTargetDependency */,
			);
			name = CounterTests;
			productName = CounterTests;
			productReference = 03CEED93298F9F01006CBE3A /* CounterTests.xctest */;
			productType = "com.apple.product-type.bundle.unit-test";
		};
		03CEED9C298F9F01006CBE3A /* CounterUITests */ = {
			isa = PBXNativeTarget;
			buildConfigurationList = 03CEEDAD298F9F01006CBE3A /* Build configuration list for PBXNativeTarget "CounterUITests" */;
			buildPhases = (
				03CEED99298F9F01006CBE3A /* Sources */,
				03CEED9A298F9F01006CBE3A /* Frameworks */,
				03CEED9B298F9F01006CBE3A /* Resources */,
			);
			buildRules = (
			);
			dependencies = (
				03CEED9F298F9F01006CBE3A /* PBXTargetDependency */,
			);
			name = CounterUITests;
			productName = CounterUITests;
			productReference = 03CEED9D298F9F01006CBE3A /* CounterUITests.xctest */;
			productType = "com.apple.product-type.bundle.ui-testing";
		};
/* End PBXNativeTarget section */

/* Begin PBXProject section */
		03CEED75298F9EFE006CBE3A /* Project object */ = {
			isa = PBXProject;
			attributes = {
				BuildIndependentTargetsInParallel = 1;
				LastSwiftUpdateCheck = 1420;
				LastUpgradeCheck = 1420;
				TargetAttributes = {
					03CEED7C298F9EFE006CBE3A = {
						CreatedOnToolsVersion = 14.2;
					};
					03CEED92298F9F01006CBE3A = {
						CreatedOnToolsVersion = 14.2;
						TestTargetID = 03CEED7C298F9EFE006CBE3A;
					};
					03CEED9C298F9F01006CBE3A = {
						CreatedOnToolsVersion = 14.2;
						TestTargetID = 03CEED7C298F9EFE006CBE3A;
					};
				};
			};
			buildConfigurationList = 03CEED78298F9EFE006CBE3A /* Build configuration list for PBXProject "Counter" */;
			compatibilityVersion = "Xcode 14.0";
			developmentRegion = en;
			hasScannedForEncodings = 0;
			knownRegions = (
				en,
				Base,
			);
			mainGroup = 03CEED74298F9EFE006CBE3A;
			productRefGroup = 03CEED7E298F9EFE006CBE3A /* Products */;
			projectDirPath = "";
			projectRoot = "";
			targets = (
				03CEED7C298F9EFE006CBE3A /* Counter */,
				03CEED92298F9F01006CBE3A /* CounterTests */,
				03CEED9C298F9F01006CBE3A /* CounterUITests */,
			);
		};
/* End PBXProject section */

/* Begin PBXResourcesBuildPhase section */
		03CEED7B298F9EFE006CBE3A /* Resources */ = {
			isa = PBXResourcesBuildPhase;
			buildActionMask = 2147483647;
			files = (
				03CEED8D298F9F00006CBE3A /* LaunchScreen.storyboard in Resources */,
				03CEED8A298F9F00006CBE3A /* Assets.xcassets in Resources */,
				03CEED88298F9EFE006CBE3A /* Main.storyboard in Resources */,
			);
			runOnlyForDeploymentPostprocessing = 0;
		};
		03CEED91298F9F01006CBE3A /* Resources */ = {
			isa = PBXResourcesBuildPhase;
			buildActionMask = 2147483647;
			files = (
			);
			runOnlyForDeploymentPostprocessing = 0;
		};
		03CEED9B298F9F01006CBE3A /* Resources */ = {
			isa = PBXResourcesBuildPhase;
			buildActionMask = 2147483647;
			files = (
			);
			runOnlyForDeploymentPostprocessing = 0;
		};
/* End PBXResourcesBuildPhase section */

/* Begin PBXSourcesBuildPhase section */
		03CEED79298F9EFE006CBE3A /* Sources */ = {
			isa = PBXSourcesBuildPhase;
			buildActionMask = 2147483647;
			files = (
				03CEED85298F9EFE006CBE3A /* MyViewController.swift in Sources */,
				03CEEDB1298FA809006CBE3A /* Counter.swift in Sources */,
				03CEED81298F9EFE006CBE3A /* AppDelegate.swift in Sources */,
				03CEED83298F9EFE006CBE3A /* SceneDelegate.swift in Sources */,
			);
			runOnlyForDeploymentPostprocessing = 0;
		};
		03CEED8F298F9F01006CBE3A /* Sources */ = {
			isa = PBXSourcesBuildPhase;
			buildActionMask = 2147483647;
			files = (
				03CEED98298F9F01006CBE3A /* CounterTests.swift in Sources */,
			);
			runOnlyForDeploymentPostprocessing = 0;
		};
		03CEED99298F9F01006CBE3A /* Sources */ = {
			isa = PBXSourcesBuildPhase;
			buildActionMask = 2147483647;
			files = (
				03CEEDA2298F9F01006CBE3A /* CounterUITests.swift in Sources */,
				03CEEDA4298F9F01006CBE3A /* CounterUITestsLaunchTests.swift in Sources */,
			);
			runOnlyForDeploymentPostprocessing = 0;
		};
/* End PBXSourcesBuildPhase section */

/* Begin PBXTargetDependency section */
		03CEED95298F9F01006CBE3A /* PBXTargetDependency */ = {
			isa = PBXTargetDependency;
			target = 03CEED7C298F9EFE006CBE3A /* Counter */;
			targetProxy = 03CEED94298F9F01006CBE3A /* PBXContainerItemProxy */;
		};
		03CEED9F298F9F01006CBE3A /* PBXTargetDependency */ = {
			isa = PBXTargetDependency;
			target = 03CEED7C298F9EFE006CBE3A /* Counter */;
			targetProxy = 03CEED9E298F9F01006CBE3A /* PBXContainerItemProxy */;
		};
/* End PBXTargetDependency section */

/* Begin PBXVariantGroup section */
		03CEED86298F9EFE006CBE3A /* Main.storyboard */ = {
			isa = PBXVariantGroup;
			children = (
				03CEED87298F9EFE006CBE3A /* Base */,
			);
			name = Main.storyboard;
			sourceTree = "<group>";
		};
		03CEED8B298F9F00006CBE3A /* LaunchScreen.storyboard */ = {
			isa = PBXVariantGroup;
			children = (
				03CEED8C298F9F00006CBE3A /* Base */,
			);
			name = LaunchScreen.storyboard;
			sourceTree = "<group>";
		};
/* End PBXVariantGroup section */

/* Begin XCBuildConfiguration section */
		03CEEDA5298F9F01006CBE3A /* Debug */ = {
			isa = XCBuildConfiguration;
			buildSettings = {
				ALWAYS_SEARCH_USER_PATHS = NO;
				CLANG_ANALYZER_NONNULL = YES;
				CLANG_ANALYZER_NUMBER_OBJECT_CONVERSION = YES_AGGRESSIVE;
				CLANG_CXX_LANGUAGE_STANDARD = "gnu++20";
				CLANG_ENABLE_MODULES = YES;
				CLANG_ENABLE_OBJC_ARC = YES;
				CLANG_ENABLE_OBJC_WEAK = YES;
				CLANG_WARN_BLOCK_CAPTURE_AUTORELEASING = YES;
				CLANG_WARN_BOOL_CONVERSION = YES;
				CLANG_WARN_COMMA = YES;
				CLANG_WARN_CONSTANT_CONVERSION = YES;
				CLANG_WARN_DEPRECATED_OBJC_IMPLEMENTATIONS = YES;
				CLANG_WARN_DIRECT_OBJC_ISA_USAGE = YES_ERROR;
				CLANG_WARN_DOCUMENTATION_COMMENTS = YES;
				CLANG_WARN_EMPTY_BODY = YES;
				CLANG_WARN_ENUM_CONVERSION = YES;
				CLANG_WARN_INFINITE_RECURSION = YES;
				CLANG_WARN_INT_CONVERSION = YES;
				CLANG_WARN_NON_LITERAL_NULL_CONVERSION = YES;
				CLANG_WARN_OBJC_IMPLICIT_RETAIN_SELF = YES;
				CLANG_WARN_OBJC_LITERAL_CONVERSION = YES;
				CLANG_WARN_OBJC_ROOT_CLASS = YES_ERROR;
				CLANG_WARN_QUOTED_INCLUDE_IN_FRAMEWORK_HEADER = YES;
				CLANG_WARN_RANGE_LOOP_ANALYSIS = YES;
				CLANG_WARN_STRICT_PROTOTYPES = YES;
				CLANG_WARN_SUSPICIOUS_MOVE = YES;
				CLANG_WARN_UNGUARDED_AVAILABILITY = YES_AGGRESSIVE;
				CLANG_WARN_UNREACHABLE_CODE = YES;
				CLANG_WARN__DUPLICATE_METHOD_MATCH = YES;
				COPY_PHASE_STRIP = NO;
				DEBUG_INFORMATION_FORMAT = dwarf;
				ENABLE_STRICT_OBJC_MSGSEND = YES;
				ENABLE_TESTABILITY = YES;
				GCC_C_LANGUAGE_STANDARD = gnu11;
				GCC_DYNAMIC_NO_PIC = NO;
				GCC_NO_COMMON_BLOCKS = YES;
				GCC_OPTIMIZATION_LEVEL = 0;
				GCC_PREPROCESSOR_DEFINITIONS = (
					"DEBUG=1",
					"$(inherited)",
				);
				GCC_WARN_64_TO_32_BIT_CONVERSION = YES;
				GCC_WARN_ABOUT_RETURN_TYPE = YES_ERROR;
				GCC_WARN_UNDECLARED_SELECTOR = YES;
				GCC_WARN_UNINITIALIZED_AUTOS = YES_AGGRESSIVE;
				GCC_WARN_UNUSED_FUNCTION = YES;
				GCC_WARN_UNUSED_VARIABLE = YES;
				IPHONEOS_DEPLOYMENT_TARGET = 16.2;
				MTL_ENABLE_DEBUG_INFO = INCLUDE_SOURCE;
				MTL_FAST_MATH = YES;
				ONLY_ACTIVE_ARCH = YES;
				SDKROOT = iphoneos;
				SWIFT_ACTIVE_COMPILATION_CONDITIONS = DEBUG;
				SWIFT_OPTIMIZATION_LEVEL = "-Onone";
			};
			name = Debug;
		};
		03CEEDA6298F9F01006CBE3A /* Release */ = {
			isa = XCBuildConfiguration;
			buildSettings = {
				ALWAYS_SEARCH_USER_PATHS = NO;
				CLANG_ANALYZER_NONNULL = YES;
				CLANG_ANALYZER_NUMBER_OBJECT_CONVERSION = YES_AGGRESSIVE;
				CLANG_CXX_LANGUAGE_STANDARD = "gnu++20";
				CLANG_ENABLE_MODULES = YES;
				CLANG_ENABLE_OBJC_ARC = YES;
				CLANG_ENABLE_OBJC_WEAK = YES;
				CLANG_WARN_BLOCK_CAPTURE_AUTORELEASING = YES;
				CLANG_WARN_BOOL_CONVERSION = YES;
				CLANG_WARN_COMMA = YES;
				CLANG_WARN_CONSTANT_CONVERSION = YES;
				CLANG_WARN_DEPRECATED_OBJC_IMPLEMENTATIONS = YES;
				CLANG_WARN_DIRECT_OBJC_ISA_USAGE = YES_ERROR;
				CLANG_WARN_DOCUMENTATION_COMMENTS = YES;
				CLANG_WARN_EMPTY_BODY = YES;
				CLANG_WARN_ENUM_CONVERSION = YES;
				CLANG_WARN_INFINITE_RECURSION = YES;
				CLANG_WARN_INT_CONVERSION = YES;
				CLANG_WARN_NON_LITERAL_NULL_CONVERSION = YES;
				CLANG_WARN_OBJC_IMPLICIT_RETAIN_SELF = YES;
				CLANG_WARN_OBJC_LITERAL_CONVERSION = YES;
				CLANG_WARN_OBJC_ROOT_CLASS = YES_ERROR;
				CLANG_WARN_QUOTED_INCLUDE_IN_FRAMEWORK_HEADER = YES;
				CLANG_WARN_RANGE_LOOP_ANALYSIS = YES;
				CLANG_WARN_STRICT_PROTOTYPES = YES;
				CLANG_WARN_SUSPICIOUS_MOVE = YES;
				CLANG_WARN_UNGUARDED_AVAILABILITY = YES_AGGRESSIVE;
				CLANG_WARN_UNREACHABLE_CODE = YES;
				CLANG_WARN__DUPLICATE_METHOD_MATCH = YES;
				COPY_PHASE_STRIP = NO;
				DEBUG_INFORMATION_FORMAT = "dwarf-with-dsym";
				ENABLE_NS_ASSERTIONS = NO;
				ENABLE_STRICT_OBJC_MSGSEND = YES;
				GCC_C_LANGUAGE_STANDARD = gnu11;
				GCC_NO_COMMON_BLOCKS = YES;
				GCC_WARN_64_TO_32_BIT_CONVERSION = YES;
				GCC_WARN_ABOUT_RETURN_TYPE = YES_ERROR;
				GCC_WARN_UNDECLARED_SELECTOR = YES;
				GCC_WARN_UNINITIALIZED_AUTOS = YES_AGGRESSIVE;
				GCC_WARN_UNUSED_FUNCTION = YES;
				GCC_WARN_UNUSED_VARIABLE = YES;
				IPHONEOS_DEPLOYMENT_TARGET = 16.2;
				MTL_ENABLE_DEBUG_INFO = NO;
				MTL_FAST_MATH = YES;
				SDKROOT = iphoneos;
				SWIFT_COMPILATION_MODE = wholemodule;
				SWIFT_OPTIMIZATION_LEVEL = "-O";
				VALIDATE_PRODUCT = YES;
			};
			name = Release;
		};
		03CEEDA8298F9F01006CBE3A /* Debug */ = {
			isa = XCBuildConfiguration;
			buildSettings = {
				ASSETCATALOG_COMPILER_APPICON_NAME = AppIcon;
				ASSETCATALOG_COMPILER_GLOBAL_ACCENT_COLOR_NAME = AccentColor;
				CODE_SIGN_STYLE = Automatic;
				CURRENT_PROJECT_VERSION = 1;
				GENERATE_INFOPLIST_FILE = YES;
				INFOPLIST_FILE = Counter/Info.plist;
				INFOPLIST_KEY_UIApplicationSupportsIndirectInputEvents = YES;
				INFOPLIST_KEY_UILaunchStoryboardName = LaunchScreen;
				INFOPLIST_KEY_UIMainStoryboardFile = Main;
				INFOPLIST_KEY_UISupportedInterfaceOrientations_iPad = "UIInterfaceOrientationPortrait UIInterfaceOrientationPortraitUpsideDown UIInterfaceOrientationLandscapeLeft UIInterfaceOrientationLandscapeRight";
				INFOPLIST_KEY_UISupportedInterfaceOrientations_iPhone = "UIInterfaceOrientationPortrait UIInterfaceOrientationLandscapeLeft UIInterfaceOrientationLandscapeRight";
				LD_RUNPATH_SEARCH_PATHS = (
					"$(inherited)",
					"@executable_path/Frameworks",
				);
				MARKETING_VERSION = 1.0;
				PRODUCT_BUNDLE_IDENTIFIER = test.Counter;
				PRODUCT_NAME = "$(TARGET_NAME)";
				SWIFT_EMIT_LOC_STRINGS = YES;
				SWIFT_VERSION = 5.0;
				TARGETED_DEVICE_FAMILY = "1,2";
			};
			name = Debug;
		};
		03CEEDA9298F9F01006CBE3A /* Release */ = {
			isa = XCBuildConfiguration;
			buildSettings = {
				ASSETCATALOG_COMPILER_APPICON_NAME = AppIcon;
				ASSETCATALOG_COMPILER_GLOBAL_ACCENT_COLOR_NAME = AccentColor;
				CODE_SIGN_STYLE = Automatic;
				CURRENT_PROJECT_VERSION = 1;
				GENERATE_INFOPLIST_FILE = YES;
				INFOPLIST_FILE = Counter/Info.plist;
				INFOPLIST_KEY_UIApplicationSupportsIndirectInputEvents = YES;
				INFOPLIST_KEY_UILaunchStoryboardName = LaunchScreen;
				INFOPLIST_KEY_UIMainStoryboardFile = Main;
				INFOPLIST_KEY_UISupportedInterfaceOrientations_iPad = "UIInterfaceOrientationPortrait UIInterfaceOrientationPortraitUpsideDown UIInterfaceOrientationLandscapeLeft UIInterfaceOrientationLandscapeRight";
				INFOPLIST_KEY_UISupportedInterfaceOrientations_iPhone = "UIInterfaceOrientationPortrait UIInterfaceOrientationLandscapeLeft UIInterfaceOrientationLandscapeRight";
				LD_RUNPATH_SEARCH_PATHS = (
					"$(inherited)",
					"@executable_path/Frameworks",
				);
				MARKETING_VERSION = 1.0;
				PRODUCT_BUNDLE_IDENTIFIER = test.Counter;
				PRODUCT_NAME = "$(TARGET_NAME)";
				SWIFT_EMIT_LOC_STRINGS = YES;
				SWIFT_VERSION = 5.0;
				TARGETED_DEVICE_FAMILY = "1,2";
			};
			name = Release;
		};
		03CEEDAB298F9F01006CBE3A /* Debug */ = {
			isa = XCBuildConfiguration;
			buildSettings = {
				ALWAYS_EMBED_SWIFT_STANDARD_LIBRARIES = YES;
				BUNDLE_LOADER = "$(TEST_HOST)";
				CODE_SIGN_STYLE = Automatic;
				CURRENT_PROJECT_VERSION = 1;
				GENERATE_INFOPLIST_FILE = YES;
				IPHONEOS_DEPLOYMENT_TARGET = 16.2;
				MARKETING_VERSION = 1.0;
				PRODUCT_BUNDLE_IDENTIFIER = test.CounterTests;
				PRODUCT_NAME = "$(TARGET_NAME)";
				SWIFT_EMIT_LOC_STRINGS = NO;
				SWIFT_VERSION = 5.0;
				TARGETED_DEVICE_FAMILY = "1,2";
				TEST_HOST = "$(BUILT_PRODUCTS_DIR)/Counter.app/$(BUNDLE_EXECUTABLE_FOLDER_PATH)/Counter";
			};
			name = Debug;
		};
		03CEEDAC298F9F01006CBE3A /* Release */ = {
			isa = XCBuildConfiguration;
			buildSettings = {
				ALWAYS_EMBED_SWIFT_STANDARD_LIBRARIES = YES;
				BUNDLE_LOADER = "$(TEST_HOST)";
				CODE_SIGN_STYLE = Automatic;
				CURRENT_PROJECT_VERSION = 1;
				GENERATE_INFOPLIST_FILE = YES;
				IPHONEOS_DEPLOYMENT_TARGET = 16.2;
				MARKETING_VERSION = 1.0;
				PRODUCT_BUNDLE_IDENTIFIER = test.CounterTests;
				PRODUCT_NAME = "$(TARGET_NAME)";
				SWIFT_EMIT_LOC_STRINGS = NO;
				SWIFT_VERSION = 5.0;
				TARGETED_DEVICE_FAMILY = "1,2";
				TEST_HOST = "$(BUILT_PRODUCTS_DIR)/Counter.app/$(BUNDLE_EXECUTABLE_FOLDER_PATH)/Counter";
			};
			name = Release;
		};
		03CEEDAE298F9F01006CBE3A /* Debug */ = {
			isa = XCBuildConfiguration;
			buildSettings = {
				ALWAYS_EMBED_SWIFT_STANDARD_LIBRARIES = YES;
				CODE_SIGN_STYLE = Automatic;
				CURRENT_PROJECT_VERSION = 1;
				GENERATE_INFOPLIST_FILE = YES;
				MARKETING_VERSION = 1.0;
				PRODUCT_BUNDLE_IDENTIFIER = test.CounterUITests;
				PRODUCT_NAME = "$(TARGET_NAME)";
				SWIFT_EMIT_LOC_STRINGS = NO;
				SWIFT_VERSION = 5.0;
				TARGETED_DEVICE_FAMILY = "1,2";
				TEST_TARGET_NAME = Counter;
			};
			name = Debug;
		};
		03CEEDAF298F9F01006CBE3A /* Release */ = {
			isa = XCBuildConfiguration;
			buildSettings = {
				ALWAYS_EMBED_SWIFT_STANDARD_LIBRARIES = YES;
				CODE_SIGN_STYLE = Automatic;
				CURRENT_PROJECT_VERSION = 1;
				GENERATE_INFOPLIST_FILE = YES;
				MARKETING_VERSION = 1.0;
				PRODUCT_BUNDLE_IDENTIFIER = test.CounterUITests;
				PRODUCT_NAME = "$(TARGET_NAME)";
				SWIFT_EMIT_LOC_STRINGS = NO;
				SWIFT_VERSION = 5.0;
				TARGETED_DEVICE_FAMILY = "1,2";
				TEST_TARGET_NAME = Counter;
			};
			name = Release;
		};
/* End XCBuildConfiguration section */

/* Begin XCConfigurationList section */
		03CEED78298F9EFE006CBE3A /* Build configuration list for PBXProject "Counter" */ = {
			isa = XCConfigurationList;
			buildConfigurations = (
				03CEEDA5298F9F01006CBE3A /* Debug */,
				03CEEDA6298F9F01006CBE3A /* Release */,
			);
			defaultConfigurationIsVisible = 0;
			defaultConfigurationName = Release;
		};
		03CEEDA7298F9F01006CBE3A /* Build configuration list for PBXNativeTarget "Counter" */ = {
			isa = XCConfigurationList;
			buildConfigurations = (
				03CEEDA8298F9F01006CBE3A /* Debug */,
				03CEEDA9298F9F01006CBE3A /* Release */,
			);
			defaultConfigurationIsVisible = 0;
			defaultConfigurationName = Release;
		};
		03CEEDAA298F9F01006CBE3A /* Build configuration list for PBXNativeTarget "CounterTests" */ = {
			isa = XCConfigurationList;
			buildConfigurations = (
				03CEEDAB298F9F01006CBE3A /* Debug */,
				03CEEDAC298F9F01006CBE3A /* Release */,
			);
			defaultConfigurationIsVisible = 0;
			defaultConfigurationName = Release;
		};
		03CEEDAD298F9F01006CBE3A /* Build configuration list for PBXNativeTarget "CounterUITests" */ = {
			isa = XCConfigurationList;
			buildConfigurations = (
				03CEEDAE298F9F01006CBE3A /* Debug */,
				03CEEDAF298F9F01006CBE3A /* Release */,
			);
			defaultConfigurationIsVisible = 0;
			defaultConfigurationName = Release;
		};
/* End XCConfigurationList section */
	};
	rootObject = 03CEED75298F9EFE006CBE3A /* Project object */;
}
